
Microsoft Visual Studio Solution File, Format Version 12.00
# Visual Studio Version 16
VisualStudioVersion = 16.0.29709.97
MinimumVisualStudioVersion = 10.0.40219.1
Project("{8BC9CEB8-8B4A-11D0-8D11-00A0C91BC942}") = "Minesweeper", "Minesweeper\Minesweeper.vcxproj", "{FCE640B7-7E2E-4455-8286-2A0A420C9AEE}"
EndProject
Project("{8BC9CEB8-8B4A-11D0-8D11-00A0C91BC942}") = "Client", "Client\Client.vcxproj", "{214DD04B-BE33-4830-9B03-A558059C1748}"
EndProject
Project("{8BC9CEB8-8B4A-11D0-8D11-00A0C91BC942}") = "Server", "Server\Server.vcxproj", "{C1B5A2B6-9781-4A53-92D4-DE15BEB12980}"
EndProject
Project("{8BC9CEB8-8B4A-11D0-8D11-00A0C91BC942}") = "Example", "Example\Example.vcxproj", "{E6C1D4AC-6128-4F5F-AA33-2C9B7A3A24CC}"
EndProject
Project("{8BC9CEB8-8B4A-11D0-8D11-00A0C91BC942}") = "UITools", "vendor\UITools\UITools.vcxproj", "{B545BB43-3E93-4876-9D6D-1BEB1E25C1AD}"
EndProject
Global
	GlobalSection(SolutionConfigurationPlatforms) = preSolution
		Debug|x64 = Debug|x64
		Release|x64 = Release|x64
	EndGlobalSection
	GlobalSection(ProjectConfigurationPlatforms) = postSolution
		{FCE640B7-7E2E-4455-8286-2A0A420C9AEE}.Debug|x64.ActiveCfg = Debug|x64
		{FCE640B7-7E2E-4455-8286-2A0A420C9AEE}.Debug|x64.Build.0 = Debug|x64
		{FCE640B7-7E2E-4455-8286-2A0A420C9AEE}.Release|x64.ActiveCfg = Release|x64
		{FCE640B7-7E2E-4455-8286-2A0A420C9AEE}.Release|x64.Build.0 = Release|x64
		{214DD04B-BE33-4830-9B03-A558059C1748}.Debug|x64.ActiveCfg = Debug|x64
		{214DD04B-BE33-4830-9B03-A558059C1748}.Debug|x64.Build.0 = Debug|x64
		{214DD04B-BE33-4830-9B03-A558059C1748}.Release|x64.ActiveCfg = Release|x64
		{214DD04B-BE33-4830-9B03-A558059C1748}.Release|x64.Build.0 = Release|x64
		{C1B5A2B6-9781-4A53-92D4-DE15BEB12980}.Debug|x64.ActiveCfg = Debug|x64
		{C1B5A2B6-9781-4A53-92D4-DE15BEB12980}.Debug|x64.Build.0 = Debug|x64
		{C1B5A2B6-9781-4A53-92D4-DE15BEB12980}.Release|x64.ActiveCfg = Release|x64
		{C1B5A2B6-9781-4A53-92D4-DE15BEB12980}.Release|x64.Build.0 = Release|x64
		{E6C1D4AC-6128-4F5F-AA33-2C9B7A3A24CC}.Debug|x64.ActiveCfg = Debug|x64
		{E6C1D4AC-6128-4F5F-AA33-2C9B7A3A24CC}.Debug|x64.Build.0 = Debug|x64
		{E6C1D4AC-6128-4F5F-AA33-2C9B7A3A24CC}.Release|x64.ActiveCfg = Release|x64
		{E6C1D4AC-6128-4F5F-AA33-2C9B7A3A24CC}.Release|x64.Build.0 = Release|x64
		{B545BB43-3E93-4876-9D6D-1BEB1E25C1AD}.Debug|x64.ActiveCfg = Debug|x64
		{B545BB43-3E93-4876-9D6D-1BEB1E25C1AD}.Debug|x64.Build.0 = Debug|x64
		{B545BB43-3E93-4876-9D6D-1BEB1E25C1AD}.Release|x64.ActiveCfg = Release|x64
		{B545BB43-3E93-4876-9D6D-1BEB1E25C1AD}.Release|x64.Build.0 = Release|x64
	EndGlobalSection
	GlobalSection(SolutionProperties) = preSolution
		HideSolutionNode = FALSE
	EndGlobalSection
	GlobalSection(ExtensibilityGlobals) = postSolution
		SolutionGuid = {53364994-79C8-4755-BCC2-05297ABC5B50}
	EndGlobalSection
EndGlobal
